// !$*UTF8*$!
{
	archiveVersion = 1;
	classes = {
	};
	objectVersion = 46;
	objects = {

/* Begin PBXBuildFile section */
		EE3E0BA41E1259DC00292926 /* AppDelegate.swift in Sources */ = {isa = PBXBuildFile; fileRef = EE3E0BA31E1259DC00292926 /* AppDelegate.swift */; };
		EE3E0BA61E1259DC00292926 /* ViewController.swift in Sources */ = {isa = PBXBuildFile; fileRef = EE3E0BA51E1259DC00292926 /* ViewController.swift */; };
		EE3E0BA91E1259DC00292926 /* Main.storyboard in Resources */ = {isa = PBXBuildFile; fileRef = EE3E0BA71E1259DC00292926 /* Main.storyboard */; };
		EE3E0BAC1E1259DC00292926 /* VerticalRollDemo.xcdatamodeld in Sources */ = {isa = PBXBuildFile; fileRef = EE3E0BAA1E1259DC00292926 /* VerticalRollDemo.xcdatamodeld */; };
		EE3E0BAE1E1259DC00292926 /* Assets.xcassets in Resources */ = {isa = PBXBuildFile; fileRef = EE3E0BAD1E1259DC00292926 /* Assets.xcassets */; };
		EE3E0BB11E1259DC00292926 /* LaunchScreen.storyboard in Resources */ = {isa = PBXBuildFile; fileRef = EE3E0BAF1E1259DC00292926 /* LaunchScreen.storyboard */; };
		EE3E0BB91E1259FC00292926 /* VerticalRollView.swift in Sources */ = {isa = PBXBuildFile; fileRef = EE3E0BB81E1259FC00292926 /* VerticalRollView.swift */; };
		EE3E0BBB1E12789D00292926 /* RollDetailViewController.swift in Sources */ = {isa = PBXBuildFile; fileRef = EE3E0BBA1E12789D00292926 /* RollDetailViewController.swift */; };
		EE3E0BBD1E127C2400292926 /* UIColor+Extension.swift in Sources */ = {isa = PBXBuildFile; fileRef = EE3E0BBC1E127C2400292926 /* UIColor+Extension.swift */; };
/* End PBXBuildFile section */

/* Begin PBXFileReference section */
		EE3E0BA01E1259DC00292926 /* VerticalRollDemo.app */ = {isa = PBXFileReference; explicitFileType = wrapper.application; includeInIndex = 0; path = VerticalRollDemo.app; sourceTree = BUILT_PRODUCTS_DIR; };
		EE3E0BA31E1259DC00292926 /* AppDelegate.swift */ = {isa = PBXFileReference; lastKnownFileType = sourcecode.swift; path = AppDelegate.swift; sourceTree = "<group>"; };
		EE3E0BA51E1259DC00292926 /* ViewController.swift */ = {isa = PBXFileReference; lastKnownFileType = sourcecode.swift; path = ViewController.swift; sourceTree = "<group>"; };
		EE3E0BA81E1259DC00292926 /* Base */ = {isa = PBXFileReference; lastKnownFileType = file.storyboard; name = Base; path = Base.lproj/Main.storyboard; sourceTree = "<group>"; };
		EE3E0BAB1E1259DC00292926 /* VerticalRollDemo.xcdatamodel */ = {isa = PBXFileReference; lastKnownFileType = wrapper.xcdatamodel; path = VerticalRollDemo.xcdatamodel; sourceTree = "<group>"; };
		EE3E0BAD1E1259DC00292926 /* Assets.xcassets */ = {isa = PBXFileReference; lastKnownFileType = folder.assetcatalog; path = Assets.xcassets; sourceTree = "<group>"; };
		EE3E0BB01E1259DC00292926 /* Base */ = {isa = PBXFileReference; lastKnownFileType = file.storyboard; name = Base; path = Base.lproj/LaunchScreen.storyboard; sourceTree = "<group>"; };
		EE3E0BB21E1259DC00292926 /* Info.plist */ = {isa = PBXFileReference; lastKnownFileType = text.plist.xml; path = Info.plist; sourceTree = "<group>"; };
		EE3E0BB81E1259FC00292926 /* VerticalRollView.swift */ = {isa = PBXFileReference; fileEncoding = 4; lastKnownFileType = sourcecode.swift; path = VerticalRollView.swift; sourceTree = "<group>"; };
		EE3E0BBA1E12789D00292926 /* RollDetailViewController.swift */ = {isa = PBXFileReference; fileEncoding = 4; lastKnownFileType = sourcecode.swift; path = RollDetailViewController.swift; sourceTree = "<group>"; };
		EE3E0BBC1E127C2400292926 /* UIColor+Extension.swift */ = {isa = PBXFileReference; fileEncoding = 4; lastKnownFileType = sourcecode.swift; path = "UIColor+Extension.swift"; sourceTree = "<group>"; };
/* End PBXFileReference section */

/* Begin PBXFrameworksBuildPhase section */
		EE3E0B9D1E1259DC00292926 /* Frameworks */ = {
			isa = PBXFrameworksBuildPhase;
			buildActionMask = 2147483647;
			files = (
			);
			runOnlyForDeploymentPostprocessing = 0;
		};
/* End PBXFrameworksBuildPhase section */

/* Begin PBXGroup section */
		EE3E0B971E1259DC00292926 = {
			isa = PBXGroup;
			children = (
				EE3E0BA21E1259DC00292926 /* VerticalRollDemo */,
				EE3E0BA11E1259DC00292926 /* Products */,
			);
			sourceTree = "<group>";
		};
		EE3E0BA11E1259DC00292926 /* Products */ = {
			isa = PBXGroup;
			children = (
				EE3E0BA01E1259DC00292926 /* VerticalRollDemo.app */,
			);
			name = Products;
			sourceTree = "<group>";
		};
		EE3E0BA21E1259DC00292926 /* VerticalRollDemo */ = {
			isa = PBXGroup;
			children = (
				EE3E0BBC1E127C2400292926 /* UIColor+Extension.swift */,
				EE3E0BA31E1259DC00292926 /* AppDelegate.swift */,
				EE3E0BA51E1259DC00292926 /* ViewController.swift */,
				EE3E0BB81E1259FC00292926 /* VerticalRollView.swift */,
				EE3E0BBA1E12789D00292926 /* RollDetailViewController.swift */,
				EE3E0BA71E1259DC00292926 /* Main.storyboard */,
				EE3E0BAD1E1259DC00292926 /* Assets.xcassets */,
				EE3E0BAF1E1259DC00292926 /* LaunchScreen.storyboard */,
				EE3E0BB21E1259DC00292926 /* Info.plist */,
				EE3E0BAA1E1259DC00292926 /* VerticalRollDemo.xcdatamodeld */,
			);
			path = VerticalRollDemo;
			sourceTree = "<group>";
		};
/* End PBXGroup section */

/* Begin PBXNativeTarget section */
		EE3E0B9F1E1259DC00292926 /* VerticalRollDemo */ = {
			isa = PBXNativeTarget;
			buildConfigurationList = EE3E0BB51E1259DC00292926 /* Build configuration list for PBXNativeTarget "VerticalRollDemo" */;
			buildPhases = (
				EE3E0B9C1E1259DC00292926 /* Sources */,
				EE3E0B9D1E1259DC00292926 /* Frameworks */,
				EE3E0B9E1E1259DC00292926 /* Resources */,
			);
			buildRules = (
			);
			dependencies = (
			);
			name = VerticalRollDemo;
			productName = VerticalRollDemo;
			productReference = EE3E0BA01E1259DC00292926 /* VerticalRollDemo.app */;
			productType = "com.apple.product-type.application";
		};
/* End PBXNativeTarget section */

/* Begin PBXProject section */
		EE3E0B981E1259DC00292926 /* Project object */ = {
			isa = PBXProject;
			attributes = {
				LastSwiftUpdateCheck = 0820;
				LastUpgradeCheck = 0820;
				ORGANIZATIONNAME = imWallet;
				TargetAttributes = {
					EE3E0B9F1E1259DC00292926 = {
						CreatedOnToolsVersion = 8.2.1;
						DevelopmentTeam = 9J6U5564X4;
						ProvisioningStyle = Automatic;
					};
				};
			};
			buildConfigurationList = EE3E0B9B1E1259DC00292926 /* Build configuration list for PBXProject "VerticalRollDemo" */;
			compatibilityVersion = "Xcode 3.2";
			developmentRegion = English;
			hasScannedForEncodings = 0;
			knownRegions = (
				en,
				Base,
			);
			mainGroup = EE3E0B971E1259DC00292926;
			productRefGroup = EE3E0BA11E1259DC00292926 /* Products */;
			projectDirPath = "";
			projectRoot = "";
			targets = (
				EE3E0B9F1E1259DC00292926 /* VerticalRollDemo */,
			);
		};
/* End PBXProject section */

/* Begin PBXResourcesBuildPhase section */
		EE3E0B9E1E1259DC00292926 /* Resources */ = {
			isa = PBXResourcesBuildPhase;
			buildActionMask = 2147483647;
			files = (
				EE3E0BB11E1259DC00292926 /* LaunchScreen.storyboard in Resources */,
				EE3E0BAE1E1259DC00292926 /* Assets.xcassets in Resources */,
				EE3E0BA91E1259DC00292926 /* Main.storyboard in Resources */,
			);
			runOnlyForDeploymentPostprocessing = 0;
		};
/* End PBXResourcesBuildPhase section */

/* Begin PBXSourcesBuildPhase section */
		EE3E0B9C1E1259DC00292926 /* Sources */ = {
			isa = PBXSourcesBuildPhase;
			buildActionMask = 2147483647;
			files = (
				EE3E0BA61E1259DC00292926 /* ViewController.swift in Sources */,
				EE3E0BAC1E1259DC00292926 /* VerticalRollDemo.xcdatamodeld in Sources */,
				EE3E0BA41E1259DC00292926 /* AppDelegate.swift in Sources */,
				EE3E0BBD1E127C2400292926 /* UIColor+Extension.swift in Sources */,
				EE3E0BB91E1259FC00292926 /* VerticalRollView.swift in Sources */,
				EE3E0BBB1E12789D00292926 /* RollDetailViewController.swift in Sources */,
			);
			runOnlyForDeploymentPostprocessing = 0;
		};
/* End PBXSourcesBuildPhase section */

/* Begin PBXVariantGroup section */
		EE3E0BA71E1259DC00292926 /* Main.storyboard */ = {
			isa = PBXVariantGroup;
			children = (
				EE3E0BA81E1259DC00292926 /* Base */,
			);
			name = Main.storyboard;
			sourceTree = "<group>";
		};
		EE3E0BAF1E1259DC00292926 /* LaunchScreen.storyboard */ = {
			isa = PBXVariantGroup;
			children = (
				EE3E0BB01E1259DC00292926 /* Base */,
			);
			name = LaunchScreen.storyboard;
			sourceTree = "<group>";
		};
/* End PBXVariantGroup section */

/* Begin XCBuildConfiguration section */
		EE3E0BB31E1259DC00292926 /* Debug */ = {
			isa = XCBuildConfiguration;
			buildSettings = {
				ALWAYS_SEARCH_USER_PATHS = NO;
				CLANG_ANALYZER_NONNULL = YES;
				CLANG_CXX_LANGUAGE_STANDARD = "gnu++0x";
				CLANG_CXX_LIBRARY = "libc++";
				CLANG_ENABLE_MODULES = YES;
				CLANG_ENABLE_OBJC_ARC = YES;
				CLANG_WARN_BOOL_CONVERSION = YES;
				CLANG_WARN_CONSTANT_CONVERSION = YES;
				CLANG_WARN_DIRECT_OBJC_ISA_USAGE = YES_ERROR;
				CLANG_WARN_DOCUMENTATION_COMMENTS = YES;
				CLANG_WARN_EMPTY_BODY = YES;
				CLANG_WARN_ENUM_CONVERSION = YES;
				CLANG_WARN_INFINITE_RECURSION = YES;
				CLANG_WARN_INT_CONVERSION = YES;
				CLANG_WARN_OBJC_ROOT_CLASS = YES_ERROR;
				CLANG_WARN_SUSPICIOUS_MOVE = YES;
				CLANG_WARN_UNREACHABLE_CODE = YES;
				CLANG_WARN__DUPLICATE_METHOD_MATCH = YES;
				"CODE_SIGN_IDENTITY[sdk=iphoneos*]" = "iPhone Developer";
				COPY_PHASE_STRIP = NO;
				DEBUG_INFORMATION_FORMAT = dwarf;
				ENABLE_STRICT_OBJC_MSGSEND = YES;
				ENABLE_TESTABILITY = YES;
				GCC_C_LANGUAGE_STANDARD = gnu99;
				GCC_DYNAMIC_NO_PIC = NO;
				GCC_NO_COMMON_BLOCKS = YES;
				GCC_OPTIMIZATION_LEVEL = 0;
				GCC_PREPROCESSOR_DEFINITIONS = (
					"DEBUG=1",
					"$(inherited)",
				);
				GCC_WARN_64_TO_32_BIT_CONVERSION = YES;
				GCC_WARN_ABOUT_RETURN_TYPE = YES_ERROR;
				GCC_WARN_UNDECLARED_SELECTOR = YES;
				GCC_WARN_UNINITIALIZED_AUTOS = YES_AGGRESSIVE;
				GCC_WARN_UNUSED_FUNCTION = YES;
				GCC_WARN_UNUSED_VARIABLE = YES;
				IPHONEOS_DEPLOYMENT_TARGET = 10.2;
				MTL_ENABLE_DEBUG_INFO = YES;
				ONLY_ACTIVE_ARCH = YES;
				SDKROOT = iphoneos;
				SWIFT_ACTIVE_COMPILATION_CONDITIONS = DEBUG;
				SWIFT_OPTIMIZATION_LEVEL = "-Onone";
			};
			name = Debug;
		};
		EE3E0BB41E1259DC00292926 /* Release */ = {
			isa = XCBuildConfiguration;
			buildSettings = {
				ALWAYS_SEARCH_USER_PATHS = NO;
				CLANG_ANALYZER_NONNULL = YES;
				CLANG_CXX_LANGUAGE_STANDARD = "gnu++0x";
				CLANG_CXX_LIBRARY = "libc++";
				CLANG_ENABLE_MODULES = YES;
				CLANG_ENABLE_OBJC_ARC = YES;
				CLANG_WARN_BOOL_CONVERSION = YES;
				CLANG_WARN_CONSTANT_CONVERSION = YES;
				CLANG_WARN_DIRECT_OBJC_ISA_USAGE = YES_ERROR;
				CLANG_WARN_DOCUMENTATION_COMMENTS = YES;
				CLANG_WARN_EMPTY_BODY = YES;
				CLANG_WARN_ENUM_CONVERSION = YES;
				CLANG_WARN_INFINITE_RECURSION = YES;
				CLANG_WARN_INT_CONVERSION = YES;
				CLANG_WARN_OBJC_ROOT_CLASS = YES_ERROR;
				CLANG_WARN_SUSPICIOUS_MOVE = YES;
				CLANG_WARN_UNREACHABLE_CODE = YES;
				CLANG_WARN__DUPLICATE_METHOD_MATCH = YES;
				"CODE_SIGN_IDENTITY[sdk=iphoneos*]" = "iPhone Developer";
				COPY_PHASE_STRIP = NO;
				DEBUG_INFORMATION_FORMAT = "dwarf-with-dsym";
				ENABLE_NS_ASSERTIONS = NO;
				ENABLE_STRICT_OBJC_MSGSEND = YES;
				GCC_C_LANGUAGE_STANDARD = gnu99;
				GCC_NO_COMMON_BLOCKS = YES;
				GCC_WARN_64_TO_32_BIT_CONVERSION = YES;
				GCC_WARN_ABOUT_RETURN_TYPE = YES_ERROR;
				GCC_WARN_UNDECLARED_SELECTOR = YES;
				GCC_WARN_UNINITIALIZED_AUTOS = YES_AGGRESSIVE;
				GCC_WARN_UNUSED_FUNCTION = YES;
				GCC_WARN_UNUSED_VARIABLE = YES;
				IPHONEOS_DEPLOYMENT_TARGET = 10.2;
				MTL_ENABLE_DEBUG_INFO = NO;
				SDKROOT = iphoneos;
				SWIFT_OPTIMIZATION_LEVEL = "-Owholemodule";
				VALIDATE_PRODUCT = YES;
			};
			name = Release;
		};
		EE3E0BB61E1259DC00292926 /* Debug */ = {
			isa = XCBuildConfiguration;
			buildSettings = {
				ASSETCATALOG_COMPILER_APPICON_NAME = AppIcon;
				DEVELOPMENT_TEAM = 9J6U5564X4;
				INFOPLIST_FILE = VerticalRollDemo/Info.plist;
				LD_RUNPATH_SEARCH_PATHS = "$(inherited) @executable_path/Frameworks";
				PRODUCT_BUNDLE_IDENTIFIER = com.imWallet.VerticalRollDemo;
				PRODUCT_NAME = "$(TARGET_NAME)";
				SWIFT_VERSION = 3.0;
			};
			name = Debug;
		};
		EE3E0BB71E1259DC00292926 /* Release */ = {
			isa = XCBuildConfiguration;
			buildSettings = {
				ASSETCATALOG_COMPILER_APPICON_NAME = AppIcon;
				DEVELOPMENT_TEAM = 9J6U5564X4;
				INFOPLIST_FILE = VerticalRollDemo/Info.plist;
				LD_RUNPATH_SEARCH_PATHS = "$(inherited) @executable_path/Frameworks";
				PRODUCT_BUNDLE_IDENTIFIER = com.imWallet.VerticalRollDemo;
				PRODUCT_NAME = "$(TARGET_NAME)";
				SWIFT_VERSION = 3.0;
			};
			name = Release;
		};
/* End XCBuildConfiguration section */

/* Begin XCConfigurationList section */
		EE3E0B9B1E1259DC00292926 /* Build configuration list for PBXProject "VerticalRollDemo" */ = {
			isa = XCConfigurationList;
			buildConfigurations = (
				EE3E0BB31E1259DC00292926 /* Debug */,
				EE3E0BB41E1259DC00292926 /* Release */,
			);
			defaultConfigurationIsVisible = 0;
			defaultConfigurationName = Release;
		};
		EE3E0BB51E1259DC00292926 /* Build configuration list for PBXNativeTarget "VerticalRollDemo" */ = {
			isa = XCConfigurationList;
			buildConfigurations = (
				EE3E0BB61E1259DC00292926 /* Debug */,
				EE3E0BB71E1259DC00292926 /* Release */,
			);
			defaultConfigurationIsVisible = 0;
			defaultConfigurationName = Release;
		};
/* End XCConfigurationList section */

/* Begin XCVersionGroup section */
		EE3E0BAA1E1259DC00292926 /* VerticalRollDemo.xcdatamodeld */ = {
			isa = XCVersionGroup;
			children = (
				EE3E0BAB1E1259DC00292926 /* VerticalRollDemo.xcdatamodel */,
			);
			currentVersion = EE3E0BAB1E1259DC00292926 /* VerticalRollDemo.xcdatamodel */;
			path = VerticalRollDemo.xcdatamodeld;
			sourceTree = "<group>";
			versionGroupType = wrapper.xcdatamodel;
		};
/* End XCVersionGroup section */
	};
	rootObject = EE3E0B981E1259DC00292926 /* Project object */;
}
